# This file is @generated by PDM.
# It is not intended for manual editing.

[[package]]
name = "pdm-backend"
version = "2.1.2"
requires_python = ">=3.7"
summary = "The build backend used by PDM that supports latest packaging standards"

[metadata]
lock_version = "4.2"
cross_platform = true
groups = ["dev"]
content_hash = "sha256:04ae055f1d89ff5d2fa2f736cba925672200e337b6562a24995e6c90dbf38b25"

[metadata.files]
"pdm-backend 2.1.2" = [
    {url = "https://files.pythonhosted.org/packages/87/8e/2b9d0017e388c3f30fe61fe1da5b0cd3b52bd8bb1c0327f4307d77c43361/pdm_backend-2.1.2.tar.gz", hash = "sha256:1322399e3cbb85d3a95c761f671c7e9e5829a2d270bf576fa21ffbd71bd733e2"},
    {url = "https://files.pythonhosted.org/packages/cd/8f/8563469b7e3fa429e995103ab93c2e78a4c147dae46afb488e8fb66d6f42/pdm_backend-2.1.2-py3-none-any.whl", hash = "sha256:8fc129a3234f967a8beac440a7ec1eab90911b6ab4f8c4cd57f24ce56021c549"},
]
